
Microsoft Visual Studio Solution File, Format Version 12.00
# Visual Studio Version 17
VisualStudioVersion = 17.14.36414.22
MinimumVisualStudioVersion = 10.0.40219.1
Project("{FAE04EC0-301F-11D3-BF4B-00C04F79EFBC}") = "Shared", "Shared\Shared.csproj", "{9FF94268-3ADF-49BB-9798-8FE1638D98E6}"
EndProject
Project("{FAE04EC0-301F-11D3-BF4B-00C04F79EFBC}") = "Client", "Client\Client.csproj", "{0277E706-EF5A-4C8B-A15C-C78CCA93EECE}"
EndProject
Project("{FAE04EC0-301F-11D3-BF4B-00C04F79EFBC}") = "Server", "Server\Server.csproj", "{5F62419B-2B05-4AB9-BBEC-B0748860871C}"
EndProject
Project("{FAE04EC0-301F-11D3-BF4B-00C04F79EFBC}") = "Tests", "Tests\Tests.csproj", "{47A14FC1-86A1-4F8F-95E6-479B5FD31E98}"
EndProject
Global
	GlobalSection(SolutionConfigurationPlatforms) = preSolution
		Debug|Any CPU = Debug|Any CPU
		Debug|x64 = Debug|x64
		Debug|x86 = Debug|x86
		Release|Any CPU = Release|Any CPU
		Release|x64 = Release|x64
		Release|x86 = Release|x86
	EndGlobalSection
	GlobalSection(ProjectConfigurationPlatforms) = postSolution
		{9FF94268-3ADF-49BB-9798-8FE1638D98E6}.Debug|Any CPU.ActiveCfg = Debug|Any CPU
		{9FF94268-3ADF-49BB-9798-8FE1638D98E6}.Debug|Any CPU.Build.0 = Debug|Any CPU
		{9FF94268-3ADF-49BB-9798-8FE1638D98E6}.Debug|x64.ActiveCfg = Debug|Any CPU
		{9FF94268-3ADF-49BB-9798-8FE1638D98E6}.Debug|x64.Build.0 = Debug|Any CPU
		{9FF94268-3ADF-49BB-9798-8FE1638D98E6}.Debug|x86.ActiveCfg = Debug|Any CPU
		{9FF94268-3ADF-49BB-9798-8FE1638D98E6}.Debug|x86.Build.0 = Debug|Any CPU
		{9FF94268-3ADF-49BB-9798-8FE1638D98E6}.Release|Any CPU.ActiveCfg = Release|Any CPU
		{9FF94268-3ADF-49BB-9798-8FE1638D98E6}.Release|Any CPU.Build.0 = Release|Any CPU
		{9FF94268-3ADF-49BB-9798-8FE1638D98E6}.Release|x64.ActiveCfg = Release|Any CPU
		{9FF94268-3ADF-49BB-9798-8FE1638D98E6}.Release|x64.Build.0 = Release|Any CPU
		{9FF94268-3ADF-49BB-9798-8FE1638D98E6}.Release|x86.ActiveCfg = Release|Any CPU
		{9FF94268-3ADF-49BB-9798-8FE1638D98E6}.Release|x86.Build.0 = Release|Any CPU
		{0277E706-EF5A-4C8B-A15C-C78CCA93EECE}.Debug|Any CPU.ActiveCfg = Debug|Any CPU
		{0277E706-EF5A-4C8B-A15C-C78CCA93EECE}.Debug|Any CPU.Build.0 = Debug|Any CPU
		{0277E706-EF5A-4C8B-A15C-C78CCA93EECE}.Debug|x64.ActiveCfg = Debug|Any CPU
		{0277E706-EF5A-4C8B-A15C-C78CCA93EECE}.Debug|x64.Build.0 = Debug|Any CPU
		{0277E706-EF5A-4C8B-A15C-C78CCA93EECE}.Debug|x86.ActiveCfg = Debug|Any CPU
		{0277E706-EF5A-4C8B-A15C-C78CCA93EECE}.Debug|x86.Build.0 = Debug|Any CPU
		{0277E706-EF5A-4C8B-A15C-C78CCA93EECE}.Release|Any CPU.ActiveCfg = Release|Any CPU
		{0277E706-EF5A-4C8B-A15C-C78CCA93EECE}.Release|Any CPU.Build.0 = Release|Any CPU
		{0277E706-EF5A-4C8B-A15C-C78CCA93EECE}.Release|x64.ActiveCfg = Release|Any CPU
		{0277E706-EF5A-4C8B-A15C-C78CCA93EECE}.Release|x64.Build.0 = Release|Any CPU
		{0277E706-EF5A-4C8B-A15C-C78CCA93EECE}.Release|x86.ActiveCfg = Release|Any CPU
		{0277E706-EF5A-4C8B-A15C-C78CCA93EECE}.Release|x86.Build.0 = Release|Any CPU
		{5F62419B-2B05-4AB9-BBEC-B0748860871C}.Debug|Any CPU.ActiveCfg = Debug|Any CPU
		{5F62419B-2B05-4AB9-BBEC-B0748860871C}.Debug|Any CPU.Build.0 = Debug|Any CPU
		{5F62419B-2B05-4AB9-BBEC-B0748860871C}.Debug|x64.ActiveCfg = Debug|Any CPU
		{5F62419B-2B05-4AB9-BBEC-B0748860871C}.Debug|x64.Build.0 = Debug|Any CPU
		{5F62419B-2B05-4AB9-BBEC-B0748860871C}.Debug|x86.ActiveCfg = Debug|Any CPU
		{5F62419B-2B05-4AB9-BBEC-B0748860871C}.Debug|x86.Build.0 = Debug|Any CPU
		{5F62419B-2B05-4AB9-BBEC-B0748860871C}.Release|Any CPU.ActiveCfg = Release|Any CPU
		{5F62419B-2B05-4AB9-BBEC-B0748860871C}.Release|Any CPU.Build.0 = Release|Any CPU
		{5F62419B-2B05-4AB9-BBEC-B0748860871C}.Release|x64.ActiveCfg = Release|Any CPU
		{5F62419B-2B05-4AB9-BBEC-B0748860871C}.Release|x64.Build.0 = Release|Any CPU
		{5F62419B-2B05-4AB9-BBEC-B0748860871C}.Release|x86.ActiveCfg = Release|Any CPU
		{5F62419B-2B05-4AB9-BBEC-B0748860871C}.Release|x86.Build.0 = Release|Any CPU
		{47A14FC1-86A1-4F8F-95E6-479B5FD31E98}.Debug|Any CPU.ActiveCfg = Debug|Any CPU
		{47A14FC1-86A1-4F8F-95E6-479B5FD31E98}.Debug|Any CPU.Build.0 = Debug|Any CPU
		{47A14FC1-86A1-4F8F-95E6-479B5FD31E98}.Debug|x64.ActiveCfg = Debug|Any CPU
		{47A14FC1-86A1-4F8F-95E6-479B5FD31E98}.Debug|x64.Build.0 = Debug|Any CPU
		{47A14FC1-86A1-4F8F-95E6-479B5FD31E98}.Debug|x86.ActiveCfg = Debug|Any CPU
		{47A14FC1-86A1-4F8F-95E6-479B5FD31E98}.Debug|x86.Build.0 = Debug|Any CPU
		{47A14FC1-86A1-4F8F-95E6-479B5FD31E98}.Release|Any CPU.ActiveCfg = Release|Any CPU
		{47A14FC1-86A1-4F8F-95E6-479B5FD31E98}.Release|Any CPU.Build.0 = Release|Any CPU
		{47A14FC1-86A1-4F8F-95E6-479B5FD31E98}.Release|x64.ActiveCfg = Release|Any CPU
		{47A14FC1-86A1-4F8F-95E6-479B5FD31E98}.Release|x64.Build.0 = Release|Any CPU
		{47A14FC1-86A1-4F8F-95E6-479B5FD31E98}.Release|x86.ActiveCfg = Release|Any CPU
		{47A14FC1-86A1-4F8F-95E6-479B5FD31E98}.Release|x86.Build.0 = Release|Any CPU
	EndGlobalSection
	GlobalSection(SolutionProperties) = preSolution
		HideSolutionNode = FALSE
	EndGlobalSection
	GlobalSection(ExtensibilityGlobals) = postSolution
		SolutionGuid = {71A1BCA8-536B-4FD9-AC9F-158A7219F4F4}
	EndGlobalSection
EndGlobal
